
Microsoft Visual Studio Solution File, Format Version 12.00
# Visual Studio Version 16
VisualStudioVersion = 16.0.30413.136
MinimumVisualStudioVersion = 10.0.40219.1
Project("{FAE04EC0-301F-11D3-BF4B-00C04F79EFBC}") = "WPF CSGO Stats", "WPF CSGO Stats\WPF CSGO Stats.csproj", "{9A7FBCBE-773B-416B-AD52-5FED7FD0B0EF}"
EndProject
Global
	GlobalSection(SolutionConfigurationPlatforms) = preSolution
		Debug|Any CPU = Debug|Any CPU
		Release|Any CPU = Release|Any CPU
	EndGlobalSection
	GlobalSection(ProjectConfigurationPlatforms) = postSolution
		{9A7FBCBE-773B-416B-AD52-5FED7FD0B0EF}.Debug|Any CPU.ActiveCfg = Debug|Any CPU
		{9A7FBCBE-773B-416B-AD52-5FED7FD0B0EF}.Debug|Any CPU.Build.0 = Debug|Any CPU
		{9A7FBCBE-773B-416B-AD52-5FED7FD0B0EF}.Release|Any CPU.ActiveCfg = Release|Any CPU
		{9A7FBCBE-773B-416B-AD52-5FED7FD0B0EF}.Release|Any CPU.Build.0 = Release|Any CPU
	EndGlobalSection
	GlobalSection(SolutionProperties) = preSolution
		HideSolutionNode = FALSE
	EndGlobalSection
	GlobalSection(ExtensibilityGlobals) = postSolution
		SolutionGuid = {F29817F6-2D11-4C08-BCA8-5999E64289A6}
	EndGlobalSection
EndGlobal
